<?xml version="1.0" encoding="utf-8"?>
<Project ToolsVersion="4.0" xmlns="http://schemas.microsoft.com/developer/msbuild/2003">
  <ItemGroup>
    <Filter Include="Source Files">
      <UniqueIdentifier>{4FC737F1-C7A5-4376-A066-2A32D752A2FF}</UniqueIdentifier>
      <Extensions>cpp;c;cc;cxx;c++;cppm;ixx;def;odl;idl;hpj;bat;asm;asmx</Extensions>
    </Filter>
    <Filter Include="Header Files">
      <UniqueIdentifier>{93995380-89BD-4b04-88EB-625FBE52EBFB}</UniqueIdentifier>
      <Extensions>h;hh;hpp;hxx;h++;hm;inl;inc;ipp;xsd</Extensions>
    </Filter>
    <Filter Include="Resource Files">
      <UniqueIdentifier>{67DA6AB6-F800-4c08-8B7A-83BB121AAD01}</UniqueIdentifier>
      <Extensions>rc;ico;cur;bmp;dlg;rc2;rct;bin;rgs;gif;jpg;jpeg;jpe;resx;tiff;tif;png;wav;mfcribbon-ms</Extensions>
    </Filter>
    <Filter Include="Source Files\PhysX">
      <UniqueIdentifier>{c8237591-ae05-44d1-8166-068e7d9fe8ed}</UniqueIdentifier>
    </Filter>
    <Filter Include="Header Files\physX">
      <UniqueIdentifier>{3081ac07-c186-4609-aa1c-6f81990edb3b}</UniqueIdentifier>
    </Filter>
    <Filter Include="Header Files\openGL">
      <UniqueIdentifier>{d7b8c9bc-7b3c-4454-a5ef-0451762b2831}</UniqueIdentifier>
    </Filter>
    <Filter Include="Source Files\openGL">
      <UniqueIdentifier>{38b3374a-a3e6-411c-8fc5-a23e8af0f97a}</UniqueIdentifier>
    </Filter>
    <Filter Include="Source Files\openGL\Shaders">
      <UniqueIdentifier>{7b5d8fad-00b4-4d35-aadd-c7b65a897088}</UniqueIdentifier>
    </Filter>
    <Filter Include="Source Files\openGL\Shaders\default">
      <UniqueIdentifier>{205f7458-e047-436c-972b-083db26eba21}</UniqueIdentifier>
    </Filter>
  </ItemGroup>
  <ItemGroup>
    <ClInclude Include="framework.h">
      <Filter>Header Files</Filter>
    </ClInclude>
    <ClInclude Include="targetver.h">
      <Filter>Header Files</Filter>
    </ClInclude>
    <ClInclude Include="Resource.h">
      <Filter>Header Files</Filter>
    </ClInclude>
    <ClInclude Include="CradleCradle.h">
      <Filter>Header Files</Filter>
    </ClInclude>
    <ClInclude Include="AllocatorCallback.h">
      <Filter>Header Files\physX</Filter>
    </ClInclude>
    <ClInclude Include="CpuDispatcher.h">
      <Filter>Header Files\physX</Filter>
    </ClInclude>
    <ClInclude Include="ErrorCallback.h">
      <Filter>Header Files\physX</Filter>
    </ClInclude>
    <ClInclude Include="FilterShader.h">
      <Filter>Header Files\physX</Filter>
    </ClInclude>
    <ClInclude Include="Mesh.h">
      <Filter>Header Files</Filter>
    </ClInclude>
    <ClInclude Include="math.h">
      <Filter>Header Files</Filter>
    </ClInclude>
    <ClInclude Include="linalg.h">
      <Filter>Header Files</Filter>
    </ClInclude>
    <ClInclude Include="VAO.h">
      <Filter>Header Files</Filter>
    </ClInclude>
    <ClInclude Include="Shader.h">
      <Filter>Header Files</Filter>
    </ClInclude>
    <ClInclude Include="CommandLine.h">
      <Filter>Header Files</Filter>
    </ClInclude>
    <ClInclude Include="Object.h">
      <Filter>Header Files</Filter>
    </ClInclude>
    <ClInclude Include="Cradle.h">
      <Filter>Header Files</Filter>
    </ClInclude>
    <ClInclude Include="cmdParser.h">
      <Filter>Header Files</Filter>
    </ClInclude>
  </ItemGroup>
  <ItemGroup>
    <ClCompile Include="main.cpp">
      <Filter>Source Files</Filter>
    </ClCompile>
    <ClCompile Include="AllocatorCallback.cpp">
      <Filter>Source Files\PhysX</Filter>
    </ClCompile>
    <ClCompile Include="CpuDispatcher.cpp">
      <Filter>Source Files\PhysX</Filter>
    </ClCompile>
    <ClCompile Include="ErrorCallback.cpp">
      <Filter>Source Files\PhysX</Filter>
    </ClCompile>
    <ClCompile Include="FilterShader.cpp">
      <Filter>Source Files\PhysX</Filter>
    </ClCompile>
    <ClCompile Include="Mesh.cpp">
      <Filter>Source Files</Filter>
    </ClCompile>
    <ClCompile Include="VAO.cpp">
      <Filter>Source Files\openGL</Filter>
    </ClCompile>
    <ClCompile Include="Shader.cpp">
      <Filter>Source Files\openGL</Filter>
    </ClCompile>
    <ClCompile Include="CommandLine.cpp">
      <Filter>Source Files</Filter>
    </ClCompile>
    <ClCompile Include="Object.cpp">
      <Filter>Source Files</Filter>
    </ClCompile>
    <ClCompile Include="Cradle.cpp">
      <Filter>Source Files</Filter>
    </ClCompile>
    <ClCompile Include="cmdParser.cpp">
      <Filter>Source Files</Filter>
    </ClCompile>
  </ItemGroup>
  <ItemGroup>
    <ResourceCompile Include="CradleCradle.rc">
      <Filter>Resource Files</Filter>
    </ResourceCompile>
  </ItemGroup>
  <ItemGroup>
    <Image Include="small.ico">
      <Filter>Resource Files</Filter>
    </Image>
    <Image Include="CradleCradle.ico">
      <Filter>Resource Files</Filter>
    </Image>
  </ItemGroup>
  <ItemGroup>
    <None Include="def.vert">
      <Filter>Source Files\openGL\Shaders\default</Filter>
    </None>
    <None Include="def.frag">
      <Filter>Source Files\openGL\Shaders\default</Filter>
    </None>
  </ItemGroup>
</Project>